
Microsoft Visual Studio Solution File, Format Version 12.00
# Visual Studio 15
Project("{FAE04EC0-301F-11D3-BF4B-00C04F79EFBC}") = "Assembly-CSharp", "Assembly-CSharp.csproj", "{5BBCD450-12ED-C4BD-2F59-02ABFF33C875}"
EndProject
Project("{FAE04EC0-301F-11D3-BF4B-00C04F79EFBC}") = "Assembly-CSharp-Editor", "Assembly-CSharp-Editor.csproj", "{618E308C-3CCA-AD6A-5035-85193490C9E4}"
EndProject
Global
	GlobalSection(SolutionConfigurationPlatforms) = preSolution
		Debug|Any CPU = Debug|Any CPU
		Release|Any CPU = Release|Any CPU
	EndGlobalSection
	GlobalSection(ProjectConfigurationPlatforms) = postSolution
		{5BBCD450-12ED-C4BD-2F59-02ABFF33C875}.Debug|Any CPU.ActiveCfg = Debug|Any CPU
		{5BBCD450-12ED-C4BD-2F59-02ABFF33C875}.Debug|Any CPU.Build.0 = Debug|Any CPU
		{5BBCD450-12ED-C4BD-2F59-02ABFF33C875}.Release|Any CPU.ActiveCfg = Release|Any CPU
		{5BBCD450-12ED-C4BD-2F59-02ABFF33C875}.Release|Any CPU.Build.0 = Release|Any CPU
		{618E308C-3CCA-AD6A-5035-85193490C9E4}.Debug|Any CPU.ActiveCfg = Debug|Any CPU
		{618E308C-3CCA-AD6A-5035-85193490C9E4}.Debug|Any CPU.Build.0 = Debug|Any CPU
		{618E308C-3CCA-AD6A-5035-85193490C9E4}.Release|Any CPU.ActiveCfg = Release|Any CPU
		{618E308C-3CCA-AD6A-5035-85193490C9E4}.Release|Any CPU.Build.0 = Release|Any CPU
	EndGlobalSection
	GlobalSection(SolutionProperties) = preSolution
		HideSolutionNode = FALSE
	EndGlobalSection
EndGlobal
